// !$*UTF8*$!
{
	archiveVersion = 1;
	classes = {
	};
	objectVersion = 48;
	objects = {

/* Begin PBXBuildFile section */
		28EB960220FD9C1F008F1445 /* AppDelegate.swift in Sources */ = {isa = PBXBuildFile; fileRef = 28EB960120FD9C1F008F1445 /* AppDelegate.swift */; };
		28EB960420FD9C1F008F1445 /* ViewController.swift in Sources */ = {isa = PBXBuildFile; fileRef = 28EB960320FD9C1F008F1445 /* ViewController.swift */; };
		28EB960720FD9C1F008F1445 /* Main.storyboard in Resources */ = {isa = PBXBuildFile; fileRef = 28EB960520FD9C1F008F1445 /* Main.storyboard */; };
		28EB960920FD9C1F008F1445 /* Assets.xcassets in Resources */ = {isa = PBXBuildFile; fileRef = 28EB960820FD9C1F008F1445 /* Assets.xcassets */; };
		28EB960C20FD9C1F008F1445 /* LaunchScreen.storyboard in Resources */ = {isa = PBXBuildFile; fileRef = 28EB960A20FD9C1F008F1445 /* LaunchScreen.storyboard */; };
		28EB961A20FE918B008F1445 /* amit0.jpg in Resources */ = {isa = PBXBuildFile; fileRef = 28EB961520FE918B008F1445 /* amit0.jpg */; };
		28EB961B20FE918B008F1445 /* Contents.json in Resources */ = {isa = PBXBuildFile; fileRef = 28EB961620FE918B008F1445 /* Contents.json */; };
		28EB961C20FE918B008F1445 /* kuni0.jpg in Resources */ = {isa = PBXBuildFile; fileRef = 28EB961720FE918B008F1445 /* kuni0.jpg */; };
		28EB961D20FE918B008F1445 /* suni0.jpg in Resources */ = {isa = PBXBuildFile; fileRef = 28EB961820FE918B008F1445 /* suni0.jpg */; };
		28EB961E20FE918B008F1445 /* sayaka0.jpg in Resources */ = {isa = PBXBuildFile; fileRef = 28EB961920FE918B008F1445 /* sayaka0.jpg */; };
		28EB962020FED159008F1445 /* FirstTableViewController.swift in Sources */ = {isa = PBXBuildFile; fileRef = 28EB961F20FED159008F1445 /* FirstTableViewController.swift */; };
		28EB962420FED67B008F1445 /* FirstTableViewCell.swift in Sources */ = {isa = PBXBuildFile; fileRef = 28EB962320FED67B008F1445 /* FirstTableViewCell.swift */; };
		28EB962620FEE5BF008F1445 /* FolderCell.swift in Sources */ = {isa = PBXBuildFile; fileRef = 28EB962520FEE5BF008F1445 /* FolderCell.swift */; };
		28EB962820FFEB59008F1445 /* SecondTableViewController.swift in Sources */ = {isa = PBXBuildFile; fileRef = 28EB962720FFEB59008F1445 /* SecondTableViewController.swift */; };
		28EB962A20FFED25008F1445 /* SecondTableViewCell.swift in Sources */ = {isa = PBXBuildFile; fileRef = 28EB962920FFED25008F1445 /* SecondTableViewCell.swift */; };
/* End PBXBuildFile section */

/* Begin PBXFileReference section */
		28EB95FE20FD9C1F008F1445 /* testProduct.app */ = {isa = PBXFileReference; explicitFileType = wrapper.application; includeInIndex = 0; path = testProduct.app; sourceTree = BUILT_PRODUCTS_DIR; };
		28EB960120FD9C1F008F1445 /* AppDelegate.swift */ = {isa = PBXFileReference; lastKnownFileType = sourcecode.swift; path = AppDelegate.swift; sourceTree = "<group>"; };
		28EB960320FD9C1F008F1445 /* ViewController.swift */ = {isa = PBXFileReference; lastKnownFileType = sourcecode.swift; path = ViewController.swift; sourceTree = "<group>"; };
		28EB960620FD9C1F008F1445 /* Base */ = {isa = PBXFileReference; lastKnownFileType = file.storyboard; name = Base; path = Base.lproj/Main.storyboard; sourceTree = "<group>"; };
		28EB960820FD9C1F008F1445 /* Assets.xcassets */ = {isa = PBXFileReference; lastKnownFileType = folder.assetcatalog; path = Assets.xcassets; sourceTree = "<group>"; };
		28EB960B20FD9C1F008F1445 /* Base */ = {isa = PBXFileReference; lastKnownFileType = file.storyboard; name = Base; path = Base.lproj/LaunchScreen.storyboard; sourceTree = "<group>"; };
		28EB960D20FD9C1F008F1445 /* Info.plist */ = {isa = PBXFileReference; lastKnownFileType = text.plist.xml; path = Info.plist; sourceTree = "<group>"; };
		28EB961520FE918B008F1445 /* amit0.jpg */ = {isa = PBXFileReference; lastKnownFileType = image.jpeg; name = amit0.jpg; path = testProduct/Assets.xcassets/amit0.jpg; sourceTree = SOURCE_ROOT; };
		28EB961620FE918B008F1445 /* Contents.json */ = {isa = PBXFileReference; fileEncoding = 4; lastKnownFileType = text.json; name = Contents.json; path = testProduct/Assets.xcassets/Contents.json; sourceTree = SOURCE_ROOT; };
		28EB961720FE918B008F1445 /* kuni0.jpg */ = {isa = PBXFileReference; lastKnownFileType = image.jpeg; name = kuni0.jpg; path = testProduct/Assets.xcassets/kuni0.jpg; sourceTree = SOURCE_ROOT; };
		28EB961820FE918B008F1445 /* suni0.jpg */ = {isa = PBXFileReference; lastKnownFileType = image.jpeg; name = suni0.jpg; path = testProduct/Assets.xcassets/suni0.jpg; sourceTree = SOURCE_ROOT; };
		28EB961920FE918B008F1445 /* sayaka0.jpg */ = {isa = PBXFileReference; lastKnownFileType = image.jpeg; name = sayaka0.jpg; path = testProduct/Assets.xcassets/sayaka0.jpg; sourceTree = SOURCE_ROOT; };
		28EB961F20FED159008F1445 /* FirstTableViewController.swift */ = {isa = PBXFileReference; lastKnownFileType = sourcecode.swift; path = FirstTableViewController.swift; sourceTree = "<group>"; };
		28EB962320FED67B008F1445 /* FirstTableViewCell.swift */ = {isa = PBXFileReference; lastKnownFileType = sourcecode.swift; path = FirstTableViewCell.swift; sourceTree = "<group>"; };
		28EB962520FEE5BF008F1445 /* FolderCell.swift */ = {isa = PBXFileReference; lastKnownFileType = sourcecode.swift; path = FolderCell.swift; sourceTree = "<group>"; };
		28EB962720FFEB59008F1445 /* SecondTableViewController.swift */ = {isa = PBXFileReference; lastKnownFileType = sourcecode.swift; path = SecondTableViewController.swift; sourceTree = "<group>"; };
		28EB962920FFED25008F1445 /* SecondTableViewCell.swift */ = {isa = PBXFileReference; lastKnownFileType = sourcecode.swift; path = SecondTableViewCell.swift; sourceTree = "<group>"; };
/* End PBXFileReference section */

/* Begin PBXFrameworksBuildPhase section */
		28EB95FB20FD9C1F008F1445 /* Frameworks */ = {
			isa = PBXFrameworksBuildPhase;
			buildActionMask = 2147483647;
			files = (
			);
			runOnlyForDeploymentPostprocessing = 0;
		};
/* End PBXFrameworksBuildPhase section */

/* Begin PBXGroup section */
		28EB95F520FD9C1F008F1445 = {
			isa = PBXGroup;
			children = (
				28EB960020FD9C1F008F1445 /* testProduct */,
				28EB95FF20FD9C1F008F1445 /* Products */,
			);
			sourceTree = "<group>";
		};
		28EB95FF20FD9C1F008F1445 /* Products */ = {
			isa = PBXGroup;
			children = (
				28EB95FE20FD9C1F008F1445 /* testProduct.app */,
			);
			name = Products;
			sourceTree = "<group>";
		};
		28EB960020FD9C1F008F1445 /* testProduct */ = {
			isa = PBXGroup;
			children = (
				28EB960120FD9C1F008F1445 /* AppDelegate.swift */,
				28EB960520FD9C1F008F1445 /* Main.storyboard */,
				28EB960320FD9C1F008F1445 /* ViewController.swift */,
				28EB961F20FED159008F1445 /* FirstTableViewController.swift */,
				28EB962320FED67B008F1445 /* FirstTableViewCell.swift */,
				28EB962720FFEB59008F1445 /* SecondTableViewController.swift */,
				28EB962920FFED25008F1445 /* SecondTableViewCell.swift */,
				28EB962520FEE5BF008F1445 /* FolderCell.swift */,
				28EB960820FD9C1F008F1445 /* Assets.xcassets */,
				28EB960A20FD9C1F008F1445 /* LaunchScreen.storyboard */,
				28EB960D20FD9C1F008F1445 /* Info.plist */,
				28EB961420FE9173008F1445 /* Images */,
			);
			path = testProduct;
			sourceTree = "<group>";
		};
		28EB961420FE9173008F1445 /* Images */ = {
			isa = PBXGroup;
			children = (
				28EB961520FE918B008F1445 /* amit0.jpg */,
				28EB961620FE918B008F1445 /* Contents.json */,
				28EB961720FE918B008F1445 /* kuni0.jpg */,
				28EB961920FE918B008F1445 /* sayaka0.jpg */,
				28EB961820FE918B008F1445 /* suni0.jpg */,
			);
			path = Images;
			sourceTree = "<group>";
		};
/* End PBXGroup section */

/* Begin PBXNativeTarget section */
		28EB95FD20FD9C1F008F1445 /* testProduct */ = {
			isa = PBXNativeTarget;
			buildConfigurationList = 28EB961020FD9C1F008F1445 /* Build configuration list for PBXNativeTarget "testProduct" */;
			buildPhases = (
				28EB95FA20FD9C1F008F1445 /* Sources */,
				28EB95FB20FD9C1F008F1445 /* Frameworks */,
				28EB95FC20FD9C1F008F1445 /* Resources */,
			);
			buildRules = (
			);
			dependencies = (
			);
			name = testProduct;
			productName = testProduct;
			productReference = 28EB95FE20FD9C1F008F1445 /* testProduct.app */;
			productType = "com.apple.product-type.application";
		};
/* End PBXNativeTarget section */

/* Begin PBXProject section */
		28EB95F620FD9C1F008F1445 /* Project object */ = {
			isa = PBXProject;
			attributes = {
				LastSwiftUpdateCheck = 0920;
				LastUpgradeCheck = 0920;
				ORGANIZATIONNAME = Amit;
				TargetAttributes = {
					28EB95FD20FD9C1F008F1445 = {
						CreatedOnToolsVersion = 9.2;
						ProvisioningStyle = Automatic;
					};
				};
			};
			buildConfigurationList = 28EB95F920FD9C1F008F1445 /* Build configuration list for PBXProject "testProduct" */;
			compatibilityVersion = "Xcode 8.0";
			developmentRegion = en;
			hasScannedForEncodings = 0;
			knownRegions = (
				en,
				Base,
			);
			mainGroup = 28EB95F520FD9C1F008F1445;
			productRefGroup = 28EB95FF20FD9C1F008F1445 /* Products */;
			projectDirPath = "";
			projectRoot = "";
			targets = (
				28EB95FD20FD9C1F008F1445 /* testProduct */,
			);
		};
/* End PBXProject section */

/* Begin PBXResourcesBuildPhase section */
		28EB95FC20FD9C1F008F1445 /* Resources */ = {
			isa = PBXResourcesBuildPhase;
			buildActionMask = 2147483647;
			files = (
				28EB961B20FE918B008F1445 /* Contents.json in Resources */,
				28EB960C20FD9C1F008F1445 /* LaunchScreen.storyboard in Resources */,
				28EB960920FD9C1F008F1445 /* Assets.xcassets in Resources */,
				28EB961C20FE918B008F1445 /* kuni0.jpg in Resources */,
				28EB961E20FE918B008F1445 /* sayaka0.jpg in Resources */,
				28EB961D20FE918B008F1445 /* suni0.jpg in Resources */,
				28EB960720FD9C1F008F1445 /* Main.storyboard in Resources */,
				28EB961A20FE918B008F1445 /* amit0.jpg in Resources */,
			);
			runOnlyForDeploymentPostprocessing = 0;
		};
/* End PBXResourcesBuildPhase section */

/* Begin PBXSourcesBuildPhase section */
		28EB95FA20FD9C1F008F1445 /* Sources */ = {
			isa = PBXSourcesBuildPhase;
			buildActionMask = 2147483647;
			files = (
				28EB960420FD9C1F008F1445 /* ViewController.swift in Sources */,
				28EB962820FFEB59008F1445 /* SecondTableViewController.swift in Sources */,
				28EB962620FEE5BF008F1445 /* FolderCell.swift in Sources */,
				28EB960220FD9C1F008F1445 /* AppDelegate.swift in Sources */,
				28EB962420FED67B008F1445 /* FirstTableViewCell.swift in Sources */,
				28EB962A20FFED25008F1445 /* SecondTableViewCell.swift in Sources */,
				28EB962020FED159008F1445 /* FirstTableViewController.swift in Sources */,
			);
			runOnlyForDeploymentPostprocessing = 0;
		};
/* End PBXSourcesBuildPhase section */

/* Begin PBXVariantGroup section */
		28EB960520FD9C1F008F1445 /* Main.storyboard */ = {
			isa = PBXVariantGroup;
			children = (
				28EB960620FD9C1F008F1445 /* Base */,
			);
			name = Main.storyboard;
			sourceTree = "<group>";
		};
		28EB960A20FD9C1F008F1445 /* LaunchScreen.storyboard */ = {
			isa = PBXVariantGroup;
			children = (
				28EB960B20FD9C1F008F1445 /* Base */,
			);
			name = LaunchScreen.storyboard;
			sourceTree = "<group>";
		};
/* End PBXVariantGroup section */

/* Begin XCBuildConfiguration section */
		28EB960E20FD9C1F008F1445 /* Debug */ = {
			isa = XCBuildConfiguration;
			buildSettings = {
				ALWAYS_SEARCH_USER_PATHS = NO;
				CLANG_ANALYZER_NONNULL = YES;
				CLANG_ANALYZER_NUMBER_OBJECT_CONVERSION = YES_AGGRESSIVE;
				CLANG_CXX_LANGUAGE_STANDARD = "gnu++14";
				CLANG_CXX_LIBRARY = "libc++";
				CLANG_ENABLE_MODULES = YES;
				CLANG_ENABLE_OBJC_ARC = YES;
				CLANG_WARN_BLOCK_CAPTURE_AUTORELEASING = YES;
				CLANG_WARN_BOOL_CONVERSION = YES;
				CLANG_WARN_COMMA = YES;
				CLANG_WARN_CONSTANT_CONVERSION = YES;
				CLANG_WARN_DIRECT_OBJC_ISA_USAGE = YES_ERROR;
				CLANG_WARN_DOCUMENTATION_COMMENTS = YES;
				CLANG_WARN_EMPTY_BODY = YES;
				CLANG_WARN_ENUM_CONVERSION = YES;
				CLANG_WARN_INFINITE_RECURSION = YES;
				CLANG_WARN_INT_CONVERSION = YES;
				CLANG_WARN_NON_LITERAL_NULL_CONVERSION = YES;
				CLANG_WARN_OBJC_LITERAL_CONVERSION = YES;
				CLANG_WARN_OBJC_ROOT_CLASS = YES_ERROR;
				CLANG_WARN_RANGE_LOOP_ANALYSIS = YES;
				CLANG_WARN_STRICT_PROTOTYPES = YES;
				CLANG_WARN_SUSPICIOUS_MOVE = YES;
				CLANG_WARN_UNGUARDED_AVAILABILITY = YES_AGGRESSIVE;
				CLANG_WARN_UNREACHABLE_CODE = YES;
				CLANG_WARN__DUPLICATE_METHOD_MATCH = YES;
				CODE_SIGN_IDENTITY = "iPhone Developer";
				COPY_PHASE_STRIP = NO;
				DEBUG_INFORMATION_FORMAT = dwarf;
				ENABLE_STRICT_OBJC_MSGSEND = YES;
				ENABLE_TESTABILITY = YES;
				GCC_C_LANGUAGE_STANDARD = gnu11;
				GCC_DYNAMIC_NO_PIC = NO;
				GCC_NO_COMMON_BLOCKS = YES;
				GCC_OPTIMIZATION_LEVEL = 0;
				GCC_PREPROCESSOR_DEFINITIONS = (
					"DEBUG=1",
					"$(inherited)",
				);
				GCC_WARN_64_TO_32_BIT_CONVERSION = YES;
				GCC_WARN_ABOUT_RETURN_TYPE = YES_ERROR;
				GCC_WARN_UNDECLARED_SELECTOR = YES;
				GCC_WARN_UNINITIALIZED_AUTOS = YES_AGGRESSIVE;
				GCC_WARN_UNUSED_FUNCTION = YES;
				GCC_WARN_UNUSED_VARIABLE = YES;
				IPHONEOS_DEPLOYMENT_TARGET = 11.2;
				MTL_ENABLE_DEBUG_INFO = YES;
				ONLY_ACTIVE_ARCH = YES;
				SDKROOT = iphoneos;
				SWIFT_ACTIVE_COMPILATION_CONDITIONS = DEBUG;
				SWIFT_OPTIMIZATION_LEVEL = "-Onone";
			};
			name = Debug;
		};
		28EB960F20FD9C1F008F1445 /* Release */ = {
			isa = XCBuildConfiguration;
			buildSettings = {
				ALWAYS_SEARCH_USER_PATHS = NO;
				CLANG_ANALYZER_NONNULL = YES;
				CLANG_ANALYZER_NUMBER_OBJECT_CONVERSION = YES_AGGRESSIVE;
				CLANG_CXX_LANGUAGE_STANDARD = "gnu++14";
				CLANG_CXX_LIBRARY = "libc++";
				CLANG_ENABLE_MODULES = YES;
				CLANG_ENABLE_OBJC_ARC = YES;
				CLANG_WARN_BLOCK_CAPTURE_AUTORELEASING = YES;
				CLANG_WARN_BOOL_CONVERSION = YES;
				CLANG_WARN_COMMA = YES;
				CLANG_WARN_CONSTANT_CONVERSION = YES;
				CLANG_WARN_DIRECT_OBJC_ISA_USAGE = YES_ERROR;
				CLANG_WARN_DOCUMENTATION_COMMENTS = YES;
				CLANG_WARN_EMPTY_BODY = YES;
				CLANG_WARN_ENUM_CONVERSION = YES;
				CLANG_WARN_INFINITE_RECURSION = YES;
				CLANG_WARN_INT_CONVERSION = YES;
				CLANG_WARN_NON_LITERAL_NULL_CONVERSION = YES;
				CLANG_WARN_OBJC_LITERAL_CONVERSION = YES;
				CLANG_WARN_OBJC_ROOT_CLASS = YES_ERROR;
				CLANG_WARN_RANGE_LOOP_ANALYSIS = YES;
				CLANG_WARN_STRICT_PROTOTYPES = YES;
				CLANG_WARN_SUSPICIOUS_MOVE = YES;
				CLANG_WARN_UNGUARDED_AVAILABILITY = YES_AGGRESSIVE;
				CLANG_WARN_UNREACHABLE_CODE = YES;
				CLANG_WARN__DUPLICATE_METHOD_MATCH = YES;
				CODE_SIGN_IDENTITY = "iPhone Developer";
				COPY_PHASE_STRIP = NO;
				DEBUG_INFORMATION_FORMAT = "dwarf-with-dsym";
				ENABLE_NS_ASSERTIONS = NO;
				ENABLE_STRICT_OBJC_MSGSEND = YES;
				GCC_C_LANGUAGE_STANDARD = gnu11;
				GCC_NO_COMMON_BLOCKS = YES;
				GCC_WARN_64_TO_32_BIT_CONVERSION = YES;
				GCC_WARN_ABOUT_RETURN_TYPE = YES_ERROR;
				GCC_WARN_UNDECLARED_SELECTOR = YES;
				GCC_WARN_UNINITIALIZED_AUTOS = YES_AGGRESSIVE;
				GCC_WARN_UNUSED_FUNCTION = YES;
				GCC_WARN_UNUSED_VARIABLE = YES;
				IPHONEOS_DEPLOYMENT_TARGET = 11.2;
				MTL_ENABLE_DEBUG_INFO = NO;
				SDKROOT = iphoneos;
				SWIFT_OPTIMIZATION_LEVEL = "-Owholemodule";
				VALIDATE_PRODUCT = YES;
			};
			name = Release;
		};
		28EB961120FD9C1F008F1445 /* Debug */ = {
			isa = XCBuildConfiguration;
			buildSettings = {
				ASSETCATALOG_COMPILER_APPICON_NAME = AppIcon;
				CODE_SIGN_STYLE = Automatic;
				DEVELOPMENT_TEAM = S7WUHVEA2Q;
				INFOPLIST_FILE = testProduct/Info.plist;
				LD_RUNPATH_SEARCH_PATHS = "$(inherited) @executable_path/Frameworks";
				PRODUCT_BUNDLE_IDENTIFIER = com.MoondraFamily.testProduct;
				PRODUCT_NAME = "$(TARGET_NAME)";
				SWIFT_VERSION = 4.0;
				TARGETED_DEVICE_FAMILY = "1,2";
			};
			name = Debug;
		};
		28EB961220FD9C1F008F1445 /* Release */ = {
			isa = XCBuildConfiguration;
			buildSettings = {
				ASSETCATALOG_COMPILER_APPICON_NAME = AppIcon;
				CODE_SIGN_STYLE = Automatic;
				DEVELOPMENT_TEAM = S7WUHVEA2Q;
				INFOPLIST_FILE = testProduct/Info.plist;
				LD_RUNPATH_SEARCH_PATHS = "$(inherited) @executable_path/Frameworks";
				PRODUCT_BUNDLE_IDENTIFIER = com.MoondraFamily.testProduct;
				PRODUCT_NAME = "$(TARGET_NAME)";
				SWIFT_VERSION = 4.0;
				TARGETED_DEVICE_FAMILY = "1,2";
			};
			name = Release;
		};
/* End XCBuildConfiguration section */

/* Begin XCConfigurationList section */
		28EB95F920FD9C1F008F1445 /* Build configuration list for PBXProject "testProduct" */ = {
			isa = XCConfigurationList;
			buildConfigurations = (
				28EB960E20FD9C1F008F1445 /* Debug */,
				28EB960F20FD9C1F008F1445 /* Release */,
			);
			defaultConfigurationIsVisible = 0;
			defaultConfigurationName = Release;
		};
		28EB961020FD9C1F008F1445 /* Build configuration list for PBXNativeTarget "testProduct" */ = {
			isa = XCConfigurationList;
			buildConfigurations = (
				28EB961120FD9C1F008F1445 /* Debug */,
				28EB961220FD9C1F008F1445 /* Release */,
			);
			defaultConfigurationIsVisible = 0;
			defaultConfigurationName = Release;
		};
/* End XCConfigurationList section */
	};
	rootObject = 28EB95F620FD9C1F008F1445 /* Project object */;
}
